
Microsoft Visual Studio Solution File, Format Version 12.00
# Visual Studio Version 16
VisualStudioVersion = 16.0.30011.22
MinimumVisualStudioVersion = 10.0.40219.1
Project("{9A19103F-16F7-4668-BE54-9A1E7A4F7556}") = "S18782_Daniel_Janus", "S18782_Daniel_Janus.csproj", "{49BBB1F5-A492-4EA8-91E3-8DDF0B344855}"
EndProject
Global
	GlobalSection(SolutionConfigurationPlatforms) = preSolution
		Debug|Any CPU = Debug|Any CPU
		Release|Any CPU = Release|Any CPU
	EndGlobalSection
	GlobalSection(ProjectConfigurationPlatforms) = postSolution
		{49BBB1F5-A492-4EA8-91E3-8DDF0B344855}.Debug|Any CPU.ActiveCfg = Debug|Any CPU
		{49BBB1F5-A492-4EA8-91E3-8DDF0B344855}.Debug|Any CPU.Build.0 = Debug|Any CPU
		{49BBB1F5-A492-4EA8-91E3-8DDF0B344855}.Release|Any CPU.ActiveCfg = Release|Any CPU
		{49BBB1F5-A492-4EA8-91E3-8DDF0B344855}.Release|Any CPU.Build.0 = Release|Any CPU
	EndGlobalSection
	GlobalSection(SolutionProperties) = preSolution
		HideSolutionNode = FALSE
	EndGlobalSection
	GlobalSection(ExtensibilityGlobals) = postSolution
		SolutionGuid = {0E00C438-338F-4E36-961B-D796D1340C96}
	EndGlobalSection
EndGlobal
